
Microsoft Visual Studio Solution File, Format Version 12.00
Project("{FAE04EC0-301F-11D3-BF4B-00C04F79EFBC}") = "GenerateReversePrint1", "GenerateReversePrint1\GenerateReversePrint1.csproj", "{211850E6-0380-4D14-ABED-AC8D53C28F2F}"
EndProject
Project("{FAE04EC0-301F-11D3-BF4B-00C04F79EFBC}") = "Fibonacci2", "Fibonacci2\Fibonacci2.csproj", "{466C0A35-CAA6-42DA-B0AE-132313DF542D}"
EndProject
Project("{FAE04EC0-301F-11D3-BF4B-00C04F79EFBC}") = "ColorBall", "ColorBall\ColorBall.csproj", "{C40C7C3C-F4BE-462F-A28A-6D6082DF197F}"
EndProject
Project("{FAE04EC0-301F-11D3-BF4B-00C04F79EFBC}") = "OOPExample", "OOPExample\OOPExample.csproj", "{63BD870A-443E-4D69-8AD8-60E6B11EA3F1}"
EndProject
Global
	GlobalSection(SolutionConfigurationPlatforms) = preSolution
		Debug|Any CPU = Debug|Any CPU
		Release|Any CPU = Release|Any CPU
	EndGlobalSection
	GlobalSection(ProjectConfigurationPlatforms) = postSolution
		{211850E6-0380-4D14-ABED-AC8D53C28F2F}.Debug|Any CPU.ActiveCfg = Debug|Any CPU
		{211850E6-0380-4D14-ABED-AC8D53C28F2F}.Debug|Any CPU.Build.0 = Debug|Any CPU
		{211850E6-0380-4D14-ABED-AC8D53C28F2F}.Release|Any CPU.ActiveCfg = Release|Any CPU
		{211850E6-0380-4D14-ABED-AC8D53C28F2F}.Release|Any CPU.Build.0 = Release|Any CPU
		{466C0A35-CAA6-42DA-B0AE-132313DF542D}.Debug|Any CPU.ActiveCfg = Debug|Any CPU
		{466C0A35-CAA6-42DA-B0AE-132313DF542D}.Debug|Any CPU.Build.0 = Debug|Any CPU
		{466C0A35-CAA6-42DA-B0AE-132313DF542D}.Release|Any CPU.ActiveCfg = Release|Any CPU
		{466C0A35-CAA6-42DA-B0AE-132313DF542D}.Release|Any CPU.Build.0 = Release|Any CPU
		{C40C7C3C-F4BE-462F-A28A-6D6082DF197F}.Debug|Any CPU.ActiveCfg = Debug|Any CPU
		{C40C7C3C-F4BE-462F-A28A-6D6082DF197F}.Debug|Any CPU.Build.0 = Debug|Any CPU
		{C40C7C3C-F4BE-462F-A28A-6D6082DF197F}.Release|Any CPU.ActiveCfg = Release|Any CPU
		{C40C7C3C-F4BE-462F-A28A-6D6082DF197F}.Release|Any CPU.Build.0 = Release|Any CPU
		{63BD870A-443E-4D69-8AD8-60E6B11EA3F1}.Debug|Any CPU.ActiveCfg = Debug|Any CPU
		{63BD870A-443E-4D69-8AD8-60E6B11EA3F1}.Debug|Any CPU.Build.0 = Debug|Any CPU
		{63BD870A-443E-4D69-8AD8-60E6B11EA3F1}.Release|Any CPU.ActiveCfg = Release|Any CPU
		{63BD870A-443E-4D69-8AD8-60E6B11EA3F1}.Release|Any CPU.Build.0 = Release|Any CPU
	EndGlobalSection
EndGlobal
